
Microsoft Visual Studio Solution File, Format Version 12.00
# Visual Studio Version 17
VisualStudioVersion = 17.6.33723.286
MinimumVisualStudioVersion = 10.0.40219.1
Project("{FAE04EC0-301F-11D3-BF4B-00C04F79EFBC}") = "Array_assign", "Array_assign\Array_assign.csproj", "{065285F9-B3BD-493C-9666-85E152B97487}"
EndProject
Global
	GlobalSection(SolutionConfigurationPlatforms) = preSolution
		Debug|Any CPU = Debug|Any CPU
		Release|Any CPU = Release|Any CPU
	EndGlobalSection
	GlobalSection(ProjectConfigurationPlatforms) = postSolution
		{065285F9-B3BD-493C-9666-85E152B97487}.Debug|Any CPU.ActiveCfg = Debug|Any CPU
		{065285F9-B3BD-493C-9666-85E152B97487}.Debug|Any CPU.Build.0 = Debug|Any CPU
		{065285F9-B3BD-493C-9666-85E152B97487}.Release|Any CPU.ActiveCfg = Release|Any CPU
		{065285F9-B3BD-493C-9666-85E152B97487}.Release|Any CPU.Build.0 = Release|Any CPU
	EndGlobalSection
	GlobalSection(SolutionProperties) = preSolution
		HideSolutionNode = FALSE
	EndGlobalSection
	GlobalSection(ExtensibilityGlobals) = postSolution
		SolutionGuid = {9A99328A-5B31-42D9-82C7-8F3F6FD40603}
	EndGlobalSection
EndGlobal
